{
  "nodes": {
    "nixpkgs": {
      "locked": {
        "lastModified": 1764445028,
        "narHash": "sha256-ik6H/0Zl+qHYDKTXFPpzuVHSZE+uvVz2XQuQd1IVXzo=",
        "owner": "nixos",
        "repo": "nixpkgs",
        "rev": "a09378c0108815dbf3961a0e085936f4146ec415",
        "type": "github"
      },
      "original": {
        "owner": "nixos",
        "ref": "nixpkgs-unstable",
        "repo": "nixpkgs",
        "type": "github"
      }
    },
    "root": {
      "inputs": {
        "nixpkgs": "nixpkgs",
        "semgrep-rules": "semgrep-rules",
        "systems": "systems",
        "trev": "trev"
      }
    },
    "semgrep-rules": {
      "flake": false,
      "locked": {
        "lastModified": 1764007879,
        "narHash": "sha256-YBa6DJnMaIBDGERaqHiXG15t2Sdb1noqY7f/C0OtVbQ=",
        "owner": "semgrep",
        "repo": "semgrep-rules",
        "rev": "1b69c3f93aa04267fd85fc668d2df168245ce776",
        "type": "github"
      },
      "original": {
        "owner": "semgrep",
        "repo": "semgrep-rules",
        "type": "github"
      }
    },
    "systems": {
      "locked": {
        "lastModified": 1681028828,
        "narHash": "sha256-Vy1rq5AaRuLzOxct8nz4T6wlgyUR7zLU309k9mBC768=",
        "owner": "nix-systems",
        "repo": "default",
        "rev": "da67096a3b9bf56a91d16901293e51ba5b49a27e",
        "type": "github"
      },
      "original": {
        "owner": "nix-systems",
        "repo": "default",
        "type": "github"
      }
    },
    "trev": {
      "inputs": {
        "nixpkgs": [
          "nixpkgs"
        ],
        "systems": [
          "systems"
        ]
      },
      "locked": {
        "lastModified": 1764487906,
        "narHash": "sha256-g+z21FBh+nWfgGEIIXO0pATTPBwIKXbEbX0waFk5VeQ=",
        "owner": "spotdemo4",
        "repo": "nur",
        "rev": "d856b90b6a153babbfb797b931c33ee591b84c54",
        "type": "github"
      },
      "original": {
        "owner": "spotdemo4",
        "repo": "nur",
        "type": "github"
      }
    }
  },
  "root": "root",
  "version": 7
}
